# This file is automatically @generated by Poetry 2.1.3 and should not be changed by hand.

[[package]]
name = "marko"
version = "2.0.3"
description = "A markdown parser with high extensibility."
optional = false
python-versions = ">=3.7"
groups = ["main"]
files = [
    {file = "marko-2.0.3-py3-none-any.whl", hash = "sha256:7fca1c4ab1dbc09b4b3be83c22caafd7d97c99439cb4143d025727cb3df1f4d0"},
    {file = "marko-2.0.3.tar.gz", hash = "sha256:3b323dcd7dd48181871718ac09b3825bc8f74493cec378f2bacaaceec47577d4"},
]

[package.extras]
codehilite = ["pygments"]
repr = ["objprint"]
toc = ["python-slugify"]

[[package]]
name = "semver"
version = "3.0.2"
description = "Python helper for Semantic Versioning (https://semver.org)"
optional = false
python-versions = ">=3.7"
groups = ["main"]
files = [
    {file = "semver-3.0.2-py3-none-any.whl", hash = "sha256:b1ea4686fe70b981f85359eda33199d60c53964284e0cfb4977d243e37cf4bf4"},
    {file = "semver-3.0.2.tar.gz", hash = "sha256:6253adb39c70f6e51afed2fa7152bcd414c411286088fb4b9effb133885ab4cc"},
]

[metadata]
lock-version = "2.1"
python-versions = "^3.10.0"
content-hash = "b4dfe7422d25b754028583d5e5de1e7cdd303a62516c41552e27a6b95caf4be0"
